<?xml version="1.0" encoding="utf-8"?>
<Project ToolsVersion="4.0" xmlns="http://schemas.microsoft.com/developer/msbuild/2003">
  <ItemGroup>
    <ClInclude Include="EngineAPICore.h">
      <Filter>Core</Filter>
    </ClInclude>
    <ClInclude Include="AActor.h">
      <Filter>Object</Filter>
    </ClInclude>
    <ClInclude Include="PreCompile.h">
      <Filter>PreCompile</Filter>
    </ClInclude>
  </ItemGroup>
  <ItemGroup>
    <ClCompile Include="EngineAPICore.cpp">
      <Filter>Core</Filter>
    </ClCompile>
    <ClCompile Include="AActor.cpp">
      <Filter>Object</Filter>
    </ClCompile>
    <ClCompile Include="PreCompile.cpp">
      <Filter>PreCompile</Filter>
    </ClCompile>
  </ItemGroup>
  <ItemGroup>
    <Filter Include="Core">
      <UniqueIdentifier>{c137090c-ccd4-4540-bce3-df78db908aa4}</UniqueIdentifier>
    </Filter>
    <Filter Include="Object">
      <UniqueIdentifier>{3f565575-ae51-4d68-a94f-ba07de78c714}</UniqueIdentifier>
    </Filter>
    <Filter Include="PreCompile">
      <UniqueIdentifier>{50e5453c-7e06-4122-8daa-0e1187b62f9f}</UniqueIdentifier>
    </Filter>
  </ItemGroup>
</Project>