<?xml version="1.0" encoding="utf-8"?>
<Project ToolsVersion="4.0" xmlns="http://schemas.microsoft.com/developer/msbuild/2003">
  <ItemGroup>
    <Filter Include="Core">
      <UniqueIdentifier>{dc9506e6-a70e-4a05-ac95-57c586dd889c}</UniqueIdentifier>
    </Filter>
    <Filter Include="PreCompile">
      <UniqueIdentifier>{cc1c4267-9566-4781-b1c9-77a7612ede2e}</UniqueIdentifier>
    </Filter>
    <Filter Include="PokemonObject">
      <UniqueIdentifier>{15692bad-beb4-48f3-ae3d-826f6d64f2cc}</UniqueIdentifier>
    </Filter>
    <Filter Include="Global">
      <UniqueIdentifier>{c5636967-8978-4704-88cb-dbcb16f901ad}</UniqueIdentifier>
    </Filter>
    <Filter Include="PokemonObject\0.MainPlayer">
      <UniqueIdentifier>{4b04a9f1-29bb-4c39-b86e-93fb63ddd618}</UniqueIdentifier>
    </Filter>
    <Filter Include="PokemonObject\1.PokemonMap">
      <UniqueIdentifier>{155cd215-160b-44d1-a995-b727fccdff53}</UniqueIdentifier>
    </Filter>
    <Filter Include="PokemonObject\2.PokemonGameMode">
      <UniqueIdentifier>{541ec236-324c-48d3-a096-8ecda4b1f20d}</UniqueIdentifier>
    </Filter>
    <Filter Include="PokemonObject\2.PokemonGameMode\00_TitleMode">
      <UniqueIdentifier>{3dca49e1-5a25-480a-a422-cfa358c85a8a}</UniqueIdentifier>
    </Filter>
    <Filter Include="PokemonObject\2.PokemonGameMode\01_InGameMode">
      <UniqueIdentifier>{bbde34f6-08c4-47be-a4e8-7d8f705e1096}</UniqueIdentifier>
    </Filter>
    <Filter Include="PokemonObject\3.Pokemon">
      <UniqueIdentifier>{1918b076-d2ac-48d1-87f1-773a5e9d2839}</UniqueIdentifier>
    </Filter>
    <Filter Include="PokemonObject\3.Pokemon\WildPokemon">
      <UniqueIdentifier>{331520bb-d5c5-47e9-9339-9db879c82138}</UniqueIdentifier>
    </Filter>
    <Filter Include="PokemonObject\5.Event">
      <UniqueIdentifier>{afaf515f-82ab-4a02-b4db-e8d0d4565d01}</UniqueIdentifier>
    </Filter>
    <Filter Include="PokemonObject\1.PokemonMap\00_TitleMap">
      <UniqueIdentifier>{852a13db-36f8-49fc-949a-21e18cc49c2d}</UniqueIdentifier>
    </Filter>
    <Filter Include="PokemonObject\1.PokemonMap\01_LittleRootTownMap">
      <UniqueIdentifier>{07a5d395-99f8-4667-93ef-3e9563485d59}</UniqueIdentifier>
    </Filter>
    <Filter Include="PokemonObject\1.PokemonMap\02_MapObject">
      <UniqueIdentifier>{1986958f-b17b-469d-8ac8-f7beff20f5dc}</UniqueIdentifier>
    </Filter>
    <Filter Include="PokemonObject\1.PokemonMap\03_MapEvent">
      <UniqueIdentifier>{d4808bae-2116-4b9d-bc56-ff9555ff6193}</UniqueIdentifier>
    </Filter>
    <Filter Include="PokemonObject\2.PokemonGameMode\01_InGameMode\01.LittleRootTown">
      <UniqueIdentifier>{e9deb932-bcef-455e-87e5-2e4ba7d81b75}</UniqueIdentifier>
    </Filter>
    <Filter Include="PokemonObject\2.PokemonGameMode\01_InGameMode\02.Battle">
      <UniqueIdentifier>{f6f48a32-cd7c-4d8d-b401-ba688d072f52}</UniqueIdentifier>
    </Filter>
    <Filter Include="PokemonObject\4.PlayObject">
      <UniqueIdentifier>{e19c172b-03ac-4ba7-bdfb-5b2d3fd3daa3}</UniqueIdentifier>
    </Filter>
    <Filter Include="PokemonObject\4.PlayObject\NPC">
      <UniqueIdentifier>{7082441e-7604-4d98-ae87-5f1d0d646323}</UniqueIdentifier>
    </Filter>
    <Filter Include="PokemonObject\4.PlayObject\Things">
      <UniqueIdentifier>{1a8e1efb-3339-47fb-94c7-60df6c3f54f2}</UniqueIdentifier>
    </Filter>
    <Filter Include="PokemonObject\1.PokemonMap\04.SelectPokemonMap">
      <UniqueIdentifier>{4f1cafca-2425-4b35-84f3-6edd26b2a6bf}</UniqueIdentifier>
    </Filter>
    <Filter Include="PokemonObject\1.PokemonMap\05.BattleMap">
      <UniqueIdentifier>{ea10e67d-75d1-46f4-8d60-98cda9fb0a5b}</UniqueIdentifier>
    </Filter>
    <Filter Include="PokemonObject\2.PokemonGameMode\01_InGameMode\03.SelectPokemon">
      <UniqueIdentifier>{5f38fde0-576a-498a-a228-7f3db1a3f2c5}</UniqueIdentifier>
    </Filter>
  </ItemGroup>
  <ItemGroup>
    <ClInclude Include="PokemonCore.h">
      <Filter>Core</Filter>
    </ClInclude>
    <ClInclude Include="PreCompile.h">
      <Filter>PreCompile</Filter>
    </ClInclude>
    <ClInclude Include="PokemonEnum.h">
      <Filter>Global</Filter>
    </ClInclude>
    <ClInclude Include="TitleGameMode.h">
      <Filter>PokemonObject\2.PokemonGameMode\00_TitleMode</Filter>
    </ClInclude>
    <ClInclude Include="Player.h">
      <Filter>PokemonObject\0.MainPlayer</Filter>
    </ClInclude>
    <ClInclude Include="PokemonMapMode.h">
      <Filter>PokemonObject\2.PokemonGameMode\01_InGameMode\01.LittleRootTown</Filter>
    </ClInclude>
    <ClInclude Include="PlayerHouse1FloorMode.h">
      <Filter>PokemonObject\2.PokemonGameMode\01_InGameMode\01.LittleRootTown</Filter>
    </ClInclude>
    <ClInclude Include="PlayerHouse1Mode.h">
      <Filter>PokemonObject\2.PokemonGameMode\01_InGameMode\01.LittleRootTown</Filter>
    </ClInclude>
    <ClInclude Include="PokemonMap.h">
      <Filter>PokemonObject\1.PokemonMap\01_LittleRootTownMap</Filter>
    </ClInclude>
    <ClInclude Include="PlayerHouse1FloorMap.h">
      <Filter>PokemonObject\1.PokemonMap\01_LittleRootTownMap</Filter>
    </ClInclude>
    <ClInclude Include="PlayerHouse1Map.h">
      <Filter>PokemonObject\1.PokemonMap\01_LittleRootTownMap</Filter>
    </ClInclude>
    <ClInclude Include="PlayerHouse2FloorMode.h">
      <Filter>PokemonObject\2.PokemonGameMode\01_InGameMode\01.LittleRootTown</Filter>
    </ClInclude>
    <ClInclude Include="PlayerHouse2Mode.h">
      <Filter>PokemonObject\2.PokemonGameMode\01_InGameMode\01.LittleRootTown</Filter>
    </ClInclude>
    <ClInclude Include="PlayerHouse2FloorMap.h">
      <Filter>PokemonObject\1.PokemonMap\01_LittleRootTownMap</Filter>
    </ClInclude>
    <ClInclude Include="PlayerHouse2Map.h">
      <Filter>PokemonObject\1.PokemonMap\01_LittleRootTownMap</Filter>
    </ClInclude>
    <ClInclude Include="LaborProfessorBirchMode.h">
      <Filter>PokemonObject\2.PokemonGameMode\01_InGameMode\01.LittleRootTown</Filter>
    </ClInclude>
    <ClInclude Include="LaborProfessorBirchMap.h">
      <Filter>PokemonObject\1.PokemonMap\01_LittleRootTownMap</Filter>
    </ClInclude>
    <ClInclude Include="InteriorObject.h">
      <Filter>PokemonObject\1.PokemonMap\02_MapObject</Filter>
    </ClInclude>
    <ClInclude Include="ExteriorObject.h">
      <Filter>PokemonObject\1.PokemonMap\02_MapObject</Filter>
    </ClInclude>
    <ClInclude Include="TruckMode.h">
      <Filter>PokemonObject\2.PokemonGameMode\01_InGameMode\01.LittleRootTown</Filter>
    </ClInclude>
    <ClInclude Include="TruckMap.h">
      <Filter>PokemonObject\1.PokemonMap\01_LittleRootTownMap</Filter>
    </ClInclude>
    <ClInclude Include="WildPokemon.h">
      <Filter>PokemonObject\3.Pokemon\WildPokemon</Filter>
    </ClInclude>
    <ClInclude Include="MyPokemon.h">
      <Filter>PokemonObject\3.Pokemon</Filter>
    </ClInclude>
    <ClInclude Include="TileMapMode.h">
      <Filter>PokemonObject\2.PokemonGameMode</Filter>
    </ClInclude>
    <ClInclude Include="PokemonMath.h">
      <Filter>Global</Filter>
    </ClInclude>
    <ClInclude Include="PokemonInput.h">
      <Filter>Global</Filter>
    </ClInclude>
    <ClInclude Include="PokemonBattleMode.h">
      <Filter>PokemonObject\2.PokemonGameMode\01_InGameMode\02.Battle</Filter>
    </ClInclude>
    <ClInclude Include="Cursor.h">
      <Filter>PokemonObject\5.Event</Filter>
    </ClInclude>
    <ClInclude Include="PokemonBattleMap.h">
      <Filter>PokemonObject\1.PokemonMap\05.BattleMap</Filter>
    </ClInclude>
    <ClInclude Include="Fade.h">
      <Filter>PokemonObject\1.PokemonMap\03_MapEvent</Filter>
    </ClInclude>
    <ClInclude Include="TileMap.h">
      <Filter>PokemonObject\1.PokemonMap\03_MapEvent</Filter>
    </ClInclude>
    <ClInclude Include="PokemonSkill.h">
      <Filter>PokemonObject\3.Pokemon</Filter>
    </ClInclude>
    <ClInclude Include="PokemonText.h">
      <Filter>Global</Filter>
    </ClInclude>
    <ClInclude Include="PokemonStat.h">
      <Filter>PokemonObject\3.Pokemon</Filter>
    </ClInclude>
    <ClInclude Include="TitleMap.h">
      <Filter>PokemonObject\1.PokemonMap\00_TitleMap</Filter>
    </ClInclude>
    <ClInclude Include="TitleMap.h" />
    <ClInclude Include="Mother.h">
      <Filter>PokemonObject\4.PlayObject\NPC</Filter>
    </ClInclude>
    <ClInclude Include="Flower.h">
      <Filter>PokemonObject\4.PlayObject\Things</Filter>
    </ClInclude>
    <ClInclude Include="Sea.h">
      <Filter>PokemonObject\4.PlayObject\Things</Filter>
    </ClInclude>
    <ClInclude Include="Truck.h">
      <Filter>PokemonObject\4.PlayObject\Things</Filter>
    </ClInclude>
    <ClInclude Include="Water.h">
      <Filter>PokemonObject\4.PlayObject\Things</Filter>
    </ClInclude>
    <ClInclude Include="Child.h">
      <Filter>PokemonObject\4.PlayObject\NPC</Filter>
    </ClInclude>
    <ClInclude Include="Professor.h">
      <Filter>PokemonObject\4.PlayObject\NPC</Filter>
    </ClInclude>
    <ClInclude Include="Bag.h">
      <Filter>PokemonObject\4.PlayObject\Things</Filter>
    </ClInclude>
    <ClInclude Include="Monster.h">
      <Filter>PokemonObject\4.PlayObject\NPC</Filter>
    </ClInclude>
    <ClInclude Include="SelectPokemonMode.h">
      <Filter>PokemonObject\2.PokemonGameMode\01_InGameMode\03.SelectPokemon</Filter>
    </ClInclude>
    <ClInclude Include="SelectPokemonMap.h">
      <Filter>PokemonObject\1.PokemonMap\04.SelectPokemonMap</Filter>
    </ClInclude>
  </ItemGroup>
  <ItemGroup>
    <ClCompile Include="PokemonCore.cpp">
      <Filter>Core</Filter>
    </ClCompile>
    <ClCompile Include="PreCompile.cpp">
      <Filter>PreCompile</Filter>
    </ClCompile>
    <ClCompile Include="PokemonEnum.cpp">
      <Filter>Global</Filter>
    </ClCompile>
    <ClCompile Include="TitleGameMode.cpp">
      <Filter>PokemonObject\2.PokemonGameMode\00_TitleMode</Filter>
    </ClCompile>
    <ClCompile Include="Player.cpp">
      <Filter>PokemonObject\0.MainPlayer</Filter>
    </ClCompile>
    <ClCompile Include="PokemonMapMode.cpp">
      <Filter>PokemonObject\2.PokemonGameMode\01_InGameMode\01.LittleRootTown</Filter>
    </ClCompile>
    <ClCompile Include="PlayerHouse1FloorMode.cpp">
      <Filter>PokemonObject\2.PokemonGameMode\01_InGameMode\01.LittleRootTown</Filter>
    </ClCompile>
    <ClCompile Include="PlayerHouse1Mode.cpp">
      <Filter>PokemonObject\2.PokemonGameMode\01_InGameMode\01.LittleRootTown</Filter>
    </ClCompile>
    <ClCompile Include="PokemonMap.cpp">
      <Filter>PokemonObject\1.PokemonMap\01_LittleRootTownMap</Filter>
    </ClCompile>
    <ClCompile Include="PlayerHouse1FloorMap.cpp">
      <Filter>PokemonObject\1.PokemonMap\01_LittleRootTownMap</Filter>
    </ClCompile>
    <ClCompile Include="PlayerHouse1Map.cpp">
      <Filter>PokemonObject\1.PokemonMap\01_LittleRootTownMap</Filter>
    </ClCompile>
    <ClCompile Include="PlayerHouse2FloorMode.cpp">
      <Filter>PokemonObject\2.PokemonGameMode\01_InGameMode\01.LittleRootTown</Filter>
    </ClCompile>
    <ClCompile Include="PlayerHouse2Mode.cpp">
      <Filter>PokemonObject\2.PokemonGameMode\01_InGameMode\01.LittleRootTown</Filter>
    </ClCompile>
    <ClCompile Include="PlayerHouse2FloorMap.cpp">
      <Filter>PokemonObject\1.PokemonMap\01_LittleRootTownMap</Filter>
    </ClCompile>
    <ClCompile Include="PlayerHouse2Map.cpp">
      <Filter>PokemonObject\1.PokemonMap\01_LittleRootTownMap</Filter>
    </ClCompile>
    <ClCompile Include="LaborProfessorBirchMode.cpp">
      <Filter>PokemonObject\2.PokemonGameMode\01_InGameMode\01.LittleRootTown</Filter>
    </ClCompile>
    <ClCompile Include="LaborProfessorBirchMap.cpp">
      <Filter>PokemonObject\1.PokemonMap\01_LittleRootTownMap</Filter>
    </ClCompile>
    <ClCompile Include="InteriorObject.cpp">
      <Filter>PokemonObject\1.PokemonMap\02_MapObject</Filter>
    </ClCompile>
    <ClCompile Include="ExteriorObject.cpp">
      <Filter>PokemonObject\1.PokemonMap\02_MapObject</Filter>
    </ClCompile>
    <ClCompile Include="TruckMode.cpp">
      <Filter>PokemonObject\2.PokemonGameMode\01_InGameMode\01.LittleRootTown</Filter>
    </ClCompile>
    <ClCompile Include="TruckMap.cpp">
      <Filter>PokemonObject\1.PokemonMap\01_LittleRootTownMap</Filter>
    </ClCompile>
    <ClCompile Include="WildPokemon.cpp">
      <Filter>PokemonObject\3.Pokemon\WildPokemon</Filter>
    </ClCompile>
    <ClCompile Include="MyPokemon.cpp">
      <Filter>PokemonObject\3.Pokemon</Filter>
    </ClCompile>
    <ClCompile Include="TileMapMode.cpp">
      <Filter>PokemonObject\2.PokemonGameMode</Filter>
    </ClCompile>
    <ClCompile Include="PokemonMath.cpp">
      <Filter>Global</Filter>
    </ClCompile>
    <ClCompile Include="PokemonInput.cpp">
      <Filter>Global</Filter>
    </ClCompile>
    <ClCompile Include="PokemonBattleMode.cpp">
      <Filter>PokemonObject\2.PokemonGameMode\01_InGameMode\02.Battle</Filter>
    </ClCompile>
    <ClCompile Include="Cursor.cpp">
      <Filter>PokemonObject\5.Event</Filter>
    </ClCompile>
    <ClCompile Include="PokemonBattleMap.cpp">
      <Filter>PokemonObject\1.PokemonMap\05.BattleMap</Filter>
    </ClCompile>
    <ClCompile Include="Fade.cpp">
      <Filter>PokemonObject\1.PokemonMap\03_MapEvent</Filter>
    </ClCompile>
    <ClCompile Include="TileMap.cpp">
      <Filter>PokemonObject\1.PokemonMap\03_MapEvent</Filter>
    </ClCompile>
    <ClCompile Include="PokemonSkill.cpp">
      <Filter>PokemonObject\3.Pokemon</Filter>
    </ClCompile>
    <ClCompile Include="PokemonText.cpp">
      <Filter>Global</Filter>
    </ClCompile>
    <ClCompile Include="PokemonStat.cpp">
      <Filter>PokemonObject\3.Pokemon</Filter>
    </ClCompile>
    <ClCompile Include="TitleMap.cpp">
      <Filter>PokemonObject\1.PokemonMap\00_TitleMap</Filter>
    </ClCompile>
    <ClCompile Include="TitleMap.cpp" />
    <ClCompile Include="Mother.cpp">
      <Filter>PokemonObject\4.PlayObject\NPC</Filter>
    </ClCompile>
    <ClCompile Include="Flower.cpp">
      <Filter>PokemonObject\4.PlayObject\Things</Filter>
    </ClCompile>
    <ClCompile Include="Sea.cpp">
      <Filter>PokemonObject\4.PlayObject\Things</Filter>
    </ClCompile>
    <ClCompile Include="Truck.cpp">
      <Filter>PokemonObject\4.PlayObject\Things</Filter>
    </ClCompile>
    <ClCompile Include="Water.cpp">
      <Filter>PokemonObject\4.PlayObject\Things</Filter>
    </ClCompile>
    <ClCompile Include="Child.cpp">
      <Filter>PokemonObject\4.PlayObject\NPC</Filter>
    </ClCompile>
    <ClCompile Include="Professor.cpp">
      <Filter>PokemonObject\4.PlayObject\NPC</Filter>
    </ClCompile>
    <ClCompile Include="Bag.cpp">
      <Filter>PokemonObject\4.PlayObject\Things</Filter>
    </ClCompile>
    <ClCompile Include="Monster.cpp">
      <Filter>PokemonObject\4.PlayObject\NPC</Filter>
    </ClCompile>
    <ClCompile Include="SelectPokemonMode.cpp">
      <Filter>PokemonObject\2.PokemonGameMode\01_InGameMode\03.SelectPokemon</Filter>
    </ClCompile>
    <ClCompile Include="SelectPokemonMap.cpp">
      <Filter>PokemonObject\1.PokemonMap\04.SelectPokemonMap</Filter>
    </ClCompile>
  </ItemGroup>
</Project>